
Microsoft Visual Studio Solution File, Format Version 11.00
# Visual Studio 2010
Project("{2150E333-8FDC-42A3-9474-1A3956D46DE8}") = "Plugins", "Plugins", "{37543D6F-E6F9-4944-BC9B-1DD207F574B2}"
EndProject
Project("{2150E333-8FDC-42A3-9474-1A3956D46DE8}") = "Tests", "Tests", "{5DCFB340-8331-4452-A7BF-410ACC5D5169}"
EndProject
Project("{FAE04EC0-301F-11D3-BF4B-00C04F79EFBC}") = "winsw", "src\main\winsw.csproj", "{0DE77F55-ADE5-43C1-999A-0BC81153B039}"
EndProject
Global
	GlobalSection(SolutionConfigurationPlatforms) = preSolution
		Debug|Any CPU = Debug|Any CPU
		Release|Any CPU = Release|Any CPU
	EndGlobalSection
	GlobalSection(ProjectConfigurationPlatforms) = postSolution
		{0DE77F55-ADE5-43C1-999A-0BC81153B039}.Debug|Any CPU.ActiveCfg = Debug|Any CPU
		{0DE77F55-ADE5-43C1-999A-0BC81153B039}.Debug|Any CPU.Build.0 = Debug|Any CPU
		{0DE77F55-ADE5-43C1-999A-0BC81153B039}.Release|Any CPU.ActiveCfg = Release|Any CPU
		{0DE77F55-ADE5-43C1-999A-0BC81153B039}.Release|Any CPU.Build.0 = Release|Any CPU
	EndGlobalSection
	GlobalSection(SolutionProperties) = preSolution
		HideSolutionNode = FALSE
	EndGlobalSection
EndGlobal
